
Microsoft Visual Studio Solution File, Format Version 12.00
# Visual Studio Version 17
VisualStudioVersion = 17.0.31903.59
MinimumVisualStudioVersion = 10.0.40219.1
Project("{2150E333-8FDC-42A3-9474-1A3956D46DE8}") = "src", "src", "{827E0CD3-B72D-47B6-A68D-7590B98EB39B}"
EndProject
Project("{FAE04EC0-301F-11D3-BF4B-00C04F79EFBC}") = "DoAn.Core.Domain", "src\DoAn.Core.Domain\DoAn.Core.Domain.csproj", "{65DBACAB-1B4B-407A-A1F7-23F8346E4B73}"
EndProject
Project("{FAE04EC0-301F-11D3-BF4B-00C04F79EFBC}") = "DoAn.Core.Application", "src\DoAn.Core.Application\DoAn.Core.Application.csproj", "{28C5F0ED-BAB8-431F-912D-0069038B4641}"
EndProject
Project("{FAE04EC0-301F-11D3-BF4B-00C04F79EFBC}") = "DoAn.Infrastructure", "src\DoAn.Infrastructure\DoAn.Infrastructure.csproj", "{91433744-15F1-4F67-B857-103CB1BD3DA4}"
EndProject
Project("{FAE04EC0-301F-11D3-BF4B-00C04F79EFBC}") = "DoAn.Presentation.Api", "src\DoAn.Presentation.Api\DoAn.Presentation.Api.csproj", "{954E32F5-C40C-49F5-99ED-7D071C205B4B}"
EndProject
Project("{FAE04EC0-301F-11D3-BF4B-00C04F79EFBC}") = "DoAn.Tests", "src\DoAn.Tests\DoAn.Tests.csproj", "{9FCA2BB7-CA7D-4B74-B685-C31F5B1C30C9}"
EndProject
Global
	GlobalSection(SolutionConfigurationPlatforms) = preSolution
		Debug|Any CPU = Debug|Any CPU
		Debug|x64 = Debug|x64
		Debug|x86 = Debug|x86
		Release|Any CPU = Release|Any CPU
		Release|x64 = Release|x64
		Release|x86 = Release|x86
	EndGlobalSection
	GlobalSection(ProjectConfigurationPlatforms) = postSolution
		{65DBACAB-1B4B-407A-A1F7-23F8346E4B73}.Debug|Any CPU.ActiveCfg = Debug|Any CPU
		{65DBACAB-1B4B-407A-A1F7-23F8346E4B73}.Debug|Any CPU.Build.0 = Debug|Any CPU
		{65DBACAB-1B4B-407A-A1F7-23F8346E4B73}.Debug|x64.ActiveCfg = Debug|Any CPU
		{65DBACAB-1B4B-407A-A1F7-23F8346E4B73}.Debug|x64.Build.0 = Debug|Any CPU
		{65DBACAB-1B4B-407A-A1F7-23F8346E4B73}.Debug|x86.ActiveCfg = Debug|Any CPU
		{65DBACAB-1B4B-407A-A1F7-23F8346E4B73}.Debug|x86.Build.0 = Debug|Any CPU
		{65DBACAB-1B4B-407A-A1F7-23F8346E4B73}.Release|Any CPU.ActiveCfg = Release|Any CPU
		{65DBACAB-1B4B-407A-A1F7-23F8346E4B73}.Release|Any CPU.Build.0 = Release|Any CPU
		{65DBACAB-1B4B-407A-A1F7-23F8346E4B73}.Release|x64.ActiveCfg = Release|Any CPU
		{65DBACAB-1B4B-407A-A1F7-23F8346E4B73}.Release|x64.Build.0 = Release|Any CPU
		{65DBACAB-1B4B-407A-A1F7-23F8346E4B73}.Release|x86.ActiveCfg = Release|Any CPU
		{65DBACAB-1B4B-407A-A1F7-23F8346E4B73}.Release|x86.Build.0 = Release|Any CPU
		{28C5F0ED-BAB8-431F-912D-0069038B4641}.Debug|Any CPU.ActiveCfg = Debug|Any CPU
		{28C5F0ED-BAB8-431F-912D-0069038B4641}.Debug|Any CPU.Build.0 = Debug|Any CPU
		{28C5F0ED-BAB8-431F-912D-0069038B4641}.Debug|x64.ActiveCfg = Debug|Any CPU
		{28C5F0ED-BAB8-431F-912D-0069038B4641}.Debug|x64.Build.0 = Debug|Any CPU
		{28C5F0ED-BAB8-431F-912D-0069038B4641}.Debug|x86.ActiveCfg = Debug|Any CPU
		{28C5F0ED-BAB8-431F-912D-0069038B4641}.Debug|x86.Build.0 = Debug|Any CPU
		{28C5F0ED-BAB8-431F-912D-0069038B4641}.Release|Any CPU.ActiveCfg = Release|Any CPU
		{28C5F0ED-BAB8-431F-912D-0069038B4641}.Release|Any CPU.Build.0 = Release|Any CPU
		{28C5F0ED-BAB8-431F-912D-0069038B4641}.Release|x64.ActiveCfg = Release|Any CPU
		{28C5F0ED-BAB8-431F-912D-0069038B4641}.Release|x64.Build.0 = Release|Any CPU
		{28C5F0ED-BAB8-431F-912D-0069038B4641}.Release|x86.ActiveCfg = Release|Any CPU
		{28C5F0ED-BAB8-431F-912D-0069038B4641}.Release|x86.Build.0 = Release|Any CPU
		{91433744-15F1-4F67-B857-103CB1BD3DA4}.Debug|Any CPU.ActiveCfg = Debug|Any CPU
		{91433744-15F1-4F67-B857-103CB1BD3DA4}.Debug|Any CPU.Build.0 = Debug|Any CPU
		{91433744-15F1-4F67-B857-103CB1BD3DA4}.Debug|x64.ActiveCfg = Debug|Any CPU
		{91433744-15F1-4F67-B857-103CB1BD3DA4}.Debug|x64.Build.0 = Debug|Any CPU
		{91433744-15F1-4F67-B857-103CB1BD3DA4}.Debug|x86.ActiveCfg = Debug|Any CPU
		{91433744-15F1-4F67-B857-103CB1BD3DA4}.Debug|x86.Build.0 = Debug|Any CPU
		{91433744-15F1-4F67-B857-103CB1BD3DA4}.Release|Any CPU.ActiveCfg = Release|Any CPU
		{91433744-15F1-4F67-B857-103CB1BD3DA4}.Release|Any CPU.Build.0 = Release|Any CPU
		{91433744-15F1-4F67-B857-103CB1BD3DA4}.Release|x64.ActiveCfg = Release|Any CPU
		{91433744-15F1-4F67-B857-103CB1BD3DA4}.Release|x64.Build.0 = Release|Any CPU
		{91433744-15F1-4F67-B857-103CB1BD3DA4}.Release|x86.ActiveCfg = Release|Any CPU
		{91433744-15F1-4F67-B857-103CB1BD3DA4}.Release|x86.Build.0 = Release|Any CPU
		{954E32F5-C40C-49F5-99ED-7D071C205B4B}.Debug|Any CPU.ActiveCfg = Debug|Any CPU
		{954E32F5-C40C-49F5-99ED-7D071C205B4B}.Debug|Any CPU.Build.0 = Debug|Any CPU
		{954E32F5-C40C-49F5-99ED-7D071C205B4B}.Debug|x64.ActiveCfg = Debug|Any CPU
		{954E32F5-C40C-49F5-99ED-7D071C205B4B}.Debug|x64.Build.0 = Debug|Any CPU
		{954E32F5-C40C-49F5-99ED-7D071C205B4B}.Debug|x86.ActiveCfg = Debug|Any CPU
		{954E32F5-C40C-49F5-99ED-7D071C205B4B}.Debug|x86.Build.0 = Debug|Any CPU
		{954E32F5-C40C-49F5-99ED-7D071C205B4B}.Release|Any CPU.ActiveCfg = Release|Any CPU
		{954E32F5-C40C-49F5-99ED-7D071C205B4B}.Release|Any CPU.Build.0 = Release|Any CPU
		{954E32F5-C40C-49F5-99ED-7D071C205B4B}.Release|x64.ActiveCfg = Release|Any CPU
		{954E32F5-C40C-49F5-99ED-7D071C205B4B}.Release|x64.Build.0 = Release|Any CPU
		{954E32F5-C40C-49F5-99ED-7D071C205B4B}.Release|x86.ActiveCfg = Release|Any CPU
		{954E32F5-C40C-49F5-99ED-7D071C205B4B}.Release|x86.Build.0 = Release|Any CPU
		{9FCA2BB7-CA7D-4B74-B685-C31F5B1C30C9}.Debug|Any CPU.ActiveCfg = Debug|Any CPU
		{9FCA2BB7-CA7D-4B74-B685-C31F5B1C30C9}.Debug|Any CPU.Build.0 = Debug|Any CPU
		{9FCA2BB7-CA7D-4B74-B685-C31F5B1C30C9}.Debug|x64.ActiveCfg = Debug|Any CPU
		{9FCA2BB7-CA7D-4B74-B685-C31F5B1C30C9}.Debug|x64.Build.0 = Debug|Any CPU
		{9FCA2BB7-CA7D-4B74-B685-C31F5B1C30C9}.Debug|x86.ActiveCfg = Debug|Any CPU
		{9FCA2BB7-CA7D-4B74-B685-C31F5B1C30C9}.Debug|x86.Build.0 = Debug|Any CPU
		{9FCA2BB7-CA7D-4B74-B685-C31F5B1C30C9}.Release|Any CPU.ActiveCfg = Release|Any CPU
		{9FCA2BB7-CA7D-4B74-B685-C31F5B1C30C9}.Release|Any CPU.Build.0 = Release|Any CPU
		{9FCA2BB7-CA7D-4B74-B685-C31F5B1C30C9}.Release|x64.ActiveCfg = Release|Any CPU
		{9FCA2BB7-CA7D-4B74-B685-C31F5B1C30C9}.Release|x64.Build.0 = Release|Any CPU
		{9FCA2BB7-CA7D-4B74-B685-C31F5B1C30C9}.Release|x86.ActiveCfg = Release|Any CPU
		{9FCA2BB7-CA7D-4B74-B685-C31F5B1C30C9}.Release|x86.Build.0 = Release|Any CPU
	EndGlobalSection
	GlobalSection(SolutionProperties) = preSolution
		HideSolutionNode = FALSE
	EndGlobalSection
	GlobalSection(NestedProjects) = preSolution
		{65DBACAB-1B4B-407A-A1F7-23F8346E4B73} = {827E0CD3-B72D-47B6-A68D-7590B98EB39B}
		{28C5F0ED-BAB8-431F-912D-0069038B4641} = {827E0CD3-B72D-47B6-A68D-7590B98EB39B}
		{91433744-15F1-4F67-B857-103CB1BD3DA4} = {827E0CD3-B72D-47B6-A68D-7590B98EB39B}
		{954E32F5-C40C-49F5-99ED-7D071C205B4B} = {827E0CD3-B72D-47B6-A68D-7590B98EB39B}
		{9FCA2BB7-CA7D-4B74-B685-C31F5B1C30C9} = {827E0CD3-B72D-47B6-A68D-7590B98EB39B}
	EndGlobalSection
EndGlobal
